
Microsoft Visual Studio Solution File, Format Version 10.00
# Visual Studio 2008
Project("{2857B73E-F847-4B02-9238-064979017E93}") = "Warlords", "Warlords.cproj", "{1E66441D-9744-491A-A060-EDC3FEE53993}"
EndProject
Project("{2857B73E-F847-4B02-9238-064979017E93}") = "libFuji", "..\Fuji\libFuji.cproj", "{347A065C-D736-4613-B593-8A7F277C34A8}"
EndProject
Global
	GlobalSection(SolutionConfigurationPlatforms) = preSolution
		Debug|Any CPU = Debug|Any CPU
		Release|Any CPU = Release|Any CPU
	EndGlobalSection
	GlobalSection(ProjectConfigurationPlatforms) = postSolution
		{1E66441D-9744-491A-A060-EDC3FEE53993}.Debug|Any CPU.ActiveCfg = Debug|Any CPU
		{1E66441D-9744-491A-A060-EDC3FEE53993}.Debug|Any CPU.Build.0 = Debug|Any CPU
		{1E66441D-9744-491A-A060-EDC3FEE53993}.Release|Any CPU.ActiveCfg = Release|Any CPU
		{1E66441D-9744-491A-A060-EDC3FEE53993}.Release|Any CPU.Build.0 = Release|Any CPU
		{347A065C-D736-4613-B593-8A7F277C34A8}.Debug|Any CPU.ActiveCfg = Debug|Any CPU
		{347A065C-D736-4613-B593-8A7F277C34A8}.Debug|Any CPU.Build.0 = Debug|Any CPU
		{347A065C-D736-4613-B593-8A7F277C34A8}.Release|Any CPU.ActiveCfg = Release|Any CPU
		{347A065C-D736-4613-B593-8A7F277C34A8}.Release|Any CPU.Build.0 = Release|Any CPU
	EndGlobalSection
	GlobalSection(MonoDevelopProperties) = preSolution
		StartupItem = Warlords.cproj
		Policies = $0
		$0.TextStylePolicy = $1
		$1.inheritsSet = null
		$1.scope = text/x-c++src
		$0.TextStylePolicy = $2
		$2.FileWidth = 120
		$2.TabWidth = 4
		$2.inheritsSet = Mono
		$2.inheritsScope = text/plain
		$2.scope = text/plain
		$0.TextStylePolicy = $3
		$3.inheritsSet = null
		$3.scope = text/x-chdr
		$0.TextStylePolicy = $4
		$4.inheritsSet = null
		$4.scope = text/x-csrc
		$0.TextStylePolicy = $5
		$5.inheritsSet = null
		$5.scope = text/x-troff-mm
		$0.StandardHeader = $6
		$6.Text = 
		$6.inheritsSet = Apache2License
	EndGlobalSection
EndGlobal
